
Microsoft Visual Studio Solution File, Format Version 12.00
# Visual Studio Version 17
VisualStudioVersion = 17.10.35004.147
MinimumVisualStudioVersion = 10.0.40219.1
Project("{FAE04EC0-301F-11D3-BF4B-00C04F79EFBC}") = "CSharp6", "CSharp6.csproj", "{D06DF165-D469-4CB2-9481-05E0FD3266A6}"
EndProject
Global
	GlobalSection(SolutionConfigurationPlatforms) = preSolution
		Debug|Any CPU = Debug|Any CPU
		Release|Any CPU = Release|Any CPU
	EndGlobalSection
	GlobalSection(ProjectConfigurationPlatforms) = postSolution
		{D06DF165-D469-4CB2-9481-05E0FD3266A6}.Debug|Any CPU.ActiveCfg = Debug|Any CPU
		{D06DF165-D469-4CB2-9481-05E0FD3266A6}.Debug|Any CPU.Build.0 = Debug|Any CPU
		{D06DF165-D469-4CB2-9481-05E0FD3266A6}.Release|Any CPU.ActiveCfg = Release|Any CPU
		{D06DF165-D469-4CB2-9481-05E0FD3266A6}.Release|Any CPU.Build.0 = Release|Any CPU
	EndGlobalSection
	GlobalSection(SolutionProperties) = preSolution
		HideSolutionNode = FALSE
	EndGlobalSection
	GlobalSection(ExtensibilityGlobals) = postSolution
		SolutionGuid = {6AFD9B29-28F4-4423-A2D4-D9343A155454}
	EndGlobalSection
EndGlobal
